
Microsoft Visual Studio Solution File, Format Version 12.00
# Visual Studio Version 17
VisualStudioVersion = 17.11.35312.102
MinimumVisualStudioVersion = 10.0.40219.1
Project("{FAE04EC0-301F-11D3-BF4B-00C04F79EFBC}") = "bookingkhachsan", "bookingkhachsan\bookingkhachsan.csproj", "{B333B39F-7180-488E-886F-0000F8E72781}"
EndProject
Global
	GlobalSection(SolutionConfigurationPlatforms) = preSolution
		Debug|Any CPU = Debug|Any CPU
		Release|Any CPU = Release|Any CPU
	EndGlobalSection
	GlobalSection(ProjectConfigurationPlatforms) = postSolution
		{B333B39F-7180-488E-886F-0000F8E72781}.Debug|Any CPU.ActiveCfg = Debug|Any CPU
		{B333B39F-7180-488E-886F-0000F8E72781}.Debug|Any CPU.Build.0 = Debug|Any CPU
		{B333B39F-7180-488E-886F-0000F8E72781}.Release|Any CPU.ActiveCfg = Release|Any CPU
		{B333B39F-7180-488E-886F-0000F8E72781}.Release|Any CPU.Build.0 = Release|Any CPU
	EndGlobalSection
	GlobalSection(SolutionProperties) = preSolution
		HideSolutionNode = FALSE
	EndGlobalSection
	GlobalSection(ExtensibilityGlobals) = postSolution
		SolutionGuid = {2079B2FE-B582-4474-B0F7-2C910E09713D}
	EndGlobalSection
EndGlobal
